
Microsoft Visual Studio Solution File, Format Version 12.00
# Visual Studio 15
VisualStudioVersion = 15.0.26430.16
MinimumVisualStudioVersion = 10.0.40219.1
Project("{FAE04EC0-301F-11D3-BF4B-00C04F79EFBC}") = "ExercicioFixacao01", "ExercicioFixacao01\ExercicioFixacao01.csproj", "{E93A3F56-DF3C-44B3-8F5B-8F0B17A22BE2}"
EndProject
Project("{FAE04EC0-301F-11D3-BF4B-00C04F79EFBC}") = "ExerciciosCondicionais", "ExerciciosCondicionais\ExerciciosCondicionais.csproj", "{FB9941FE-37F7-4374-AEC5-B1F9802D0660}"
EndProject
Project("{FAE04EC0-301F-11D3-BF4B-00C04F79EFBC}") = "ExerciciosLacosRepeticao", "ExerciciosLacosRepeticao\ExerciciosLacosRepeticao.csproj", "{58C9EB05-AC69-4214-89A4-70A4385B9D1E}"
EndProject
Project("{FAE04EC0-301F-11D3-BF4B-00C04F79EFBC}") = "ExerciciosVariaveisIndexadas", "ExerciciosVariaveisIndexadas\ExerciciosVariaveisIndexadas.csproj", "{2D57D296-7DB2-4252-837D-A97ABABB12C0}"
EndProject
Project("{FAE04EC0-301F-11D3-BF4B-00C04F79EFBC}") = "IMC", "IMC\IMC.csproj", "{728D8132-FC4A-4AC3-8D91-46C58F5EF429}"
EndProject
Project("{FAE04EC0-301F-11D3-BF4B-00C04F79EFBC}") = "ExercicioFixacao2", "ExercicioFixacao2\ExercicioFixacao2.csproj", "{7BE19546-CE66-4B79-BA57-3B9285787F15}"
EndProject
Project("{FAE04EC0-301F-11D3-BF4B-00C04F79EFBC}") = "ExerciciosFixacao03", "ExerciciosFixacao03\ExerciciosFixacao03.csproj", "{D3FFEC89-916F-423B-8C8A-C0AA27BBE92C}"
EndProject
Project("{FAE04EC0-301F-11D3-BF4B-00C04F79EFBC}") = "Exercicio4", "Exercicio4\Exercicio4.csproj", "{BC1F68F3-C8D9-4637-9213-C366630D9728}"
EndProject
Project("{FAE04EC0-301F-11D3-BF4B-00C04F79EFBC}") = "Exercicio5", "Exercicio5\Exercicio5.csproj", "{8F6F053E-3D6C-46DA-8F3D-DB27042E32D7}"
EndProject
Project("{FAE04EC0-301F-11D3-BF4B-00C04F79EFBC}") = "ExceptionsExemplo", "Exceptions\ExceptionsExemplo.csproj", "{E8F2E506-B78C-45E9-8049-B8D5F8CC9725}"
EndProject
Project("{FAE04EC0-301F-11D3-BF4B-00C04F79EFBC}") = "ExceptionsExercicio2", "ExceptionsExercicio2\ExceptionsExercicio2.csproj", "{E59097B8-7110-458E-BCE2-41F612DBC217}"
EndProject
Project("{FAE04EC0-301F-11D3-BF4B-00C04F79EFBC}") = "ExercicioArquivosPag104", "ExercicioArquivosPag104\ExercicioArquivosPag104.csproj", "{E482DAF7-5BAA-4C4C-B47E-A44E7BDC46B6}"
EndProject
Global
	GlobalSection(SolutionConfigurationPlatforms) = preSolution
		Debug|Any CPU = Debug|Any CPU
		Release|Any CPU = Release|Any CPU
	EndGlobalSection
	GlobalSection(ProjectConfigurationPlatforms) = postSolution
		{E93A3F56-DF3C-44B3-8F5B-8F0B17A22BE2}.Debug|Any CPU.ActiveCfg = Debug|Any CPU
		{E93A3F56-DF3C-44B3-8F5B-8F0B17A22BE2}.Debug|Any CPU.Build.0 = Debug|Any CPU
		{E93A3F56-DF3C-44B3-8F5B-8F0B17A22BE2}.Release|Any CPU.ActiveCfg = Release|Any CPU
		{E93A3F56-DF3C-44B3-8F5B-8F0B17A22BE2}.Release|Any CPU.Build.0 = Release|Any CPU
		{FB9941FE-37F7-4374-AEC5-B1F9802D0660}.Debug|Any CPU.ActiveCfg = Debug|Any CPU
		{FB9941FE-37F7-4374-AEC5-B1F9802D0660}.Debug|Any CPU.Build.0 = Debug|Any CPU
		{FB9941FE-37F7-4374-AEC5-B1F9802D0660}.Release|Any CPU.ActiveCfg = Release|Any CPU
		{FB9941FE-37F7-4374-AEC5-B1F9802D0660}.Release|Any CPU.Build.0 = Release|Any CPU
		{58C9EB05-AC69-4214-89A4-70A4385B9D1E}.Debug|Any CPU.ActiveCfg = Debug|Any CPU
		{58C9EB05-AC69-4214-89A4-70A4385B9D1E}.Debug|Any CPU.Build.0 = Debug|Any CPU
		{58C9EB05-AC69-4214-89A4-70A4385B9D1E}.Release|Any CPU.ActiveCfg = Release|Any CPU
		{58C9EB05-AC69-4214-89A4-70A4385B9D1E}.Release|Any CPU.Build.0 = Release|Any CPU
		{2D57D296-7DB2-4252-837D-A97ABABB12C0}.Debug|Any CPU.ActiveCfg = Debug|Any CPU
		{2D57D296-7DB2-4252-837D-A97ABABB12C0}.Debug|Any CPU.Build.0 = Debug|Any CPU
		{2D57D296-7DB2-4252-837D-A97ABABB12C0}.Release|Any CPU.ActiveCfg = Release|Any CPU
		{2D57D296-7DB2-4252-837D-A97ABABB12C0}.Release|Any CPU.Build.0 = Release|Any CPU
		{728D8132-FC4A-4AC3-8D91-46C58F5EF429}.Debug|Any CPU.ActiveCfg = Debug|Any CPU
		{728D8132-FC4A-4AC3-8D91-46C58F5EF429}.Debug|Any CPU.Build.0 = Debug|Any CPU
		{728D8132-FC4A-4AC3-8D91-46C58F5EF429}.Release|Any CPU.ActiveCfg = Release|Any CPU
		{728D8132-FC4A-4AC3-8D91-46C58F5EF429}.Release|Any CPU.Build.0 = Release|Any CPU
		{7BE19546-CE66-4B79-BA57-3B9285787F15}.Debug|Any CPU.ActiveCfg = Debug|Any CPU
		{7BE19546-CE66-4B79-BA57-3B9285787F15}.Debug|Any CPU.Build.0 = Debug|Any CPU
		{7BE19546-CE66-4B79-BA57-3B9285787F15}.Release|Any CPU.ActiveCfg = Release|Any CPU
		{7BE19546-CE66-4B79-BA57-3B9285787F15}.Release|Any CPU.Build.0 = Release|Any CPU
		{D3FFEC89-916F-423B-8C8A-C0AA27BBE92C}.Debug|Any CPU.ActiveCfg = Debug|Any CPU
		{D3FFEC89-916F-423B-8C8A-C0AA27BBE92C}.Debug|Any CPU.Build.0 = Debug|Any CPU
		{D3FFEC89-916F-423B-8C8A-C0AA27BBE92C}.Release|Any CPU.ActiveCfg = Release|Any CPU
		{D3FFEC89-916F-423B-8C8A-C0AA27BBE92C}.Release|Any CPU.Build.0 = Release|Any CPU
		{BC1F68F3-C8D9-4637-9213-C366630D9728}.Debug|Any CPU.ActiveCfg = Debug|Any CPU
		{BC1F68F3-C8D9-4637-9213-C366630D9728}.Debug|Any CPU.Build.0 = Debug|Any CPU
		{BC1F68F3-C8D9-4637-9213-C366630D9728}.Release|Any CPU.ActiveCfg = Release|Any CPU
		{BC1F68F3-C8D9-4637-9213-C366630D9728}.Release|Any CPU.Build.0 = Release|Any CPU
		{8F6F053E-3D6C-46DA-8F3D-DB27042E32D7}.Debug|Any CPU.ActiveCfg = Debug|Any CPU
		{8F6F053E-3D6C-46DA-8F3D-DB27042E32D7}.Debug|Any CPU.Build.0 = Debug|Any CPU
		{8F6F053E-3D6C-46DA-8F3D-DB27042E32D7}.Release|Any CPU.ActiveCfg = Release|Any CPU
		{8F6F053E-3D6C-46DA-8F3D-DB27042E32D7}.Release|Any CPU.Build.0 = Release|Any CPU
		{E8F2E506-B78C-45E9-8049-B8D5F8CC9725}.Debug|Any CPU.ActiveCfg = Debug|Any CPU
		{E8F2E506-B78C-45E9-8049-B8D5F8CC9725}.Debug|Any CPU.Build.0 = Debug|Any CPU
		{E8F2E506-B78C-45E9-8049-B8D5F8CC9725}.Release|Any CPU.ActiveCfg = Release|Any CPU
		{E8F2E506-B78C-45E9-8049-B8D5F8CC9725}.Release|Any CPU.Build.0 = Release|Any CPU
		{E59097B8-7110-458E-BCE2-41F612DBC217}.Debug|Any CPU.ActiveCfg = Debug|Any CPU
		{E59097B8-7110-458E-BCE2-41F612DBC217}.Debug|Any CPU.Build.0 = Debug|Any CPU
		{E59097B8-7110-458E-BCE2-41F612DBC217}.Release|Any CPU.ActiveCfg = Release|Any CPU
		{E59097B8-7110-458E-BCE2-41F612DBC217}.Release|Any CPU.Build.0 = Release|Any CPU
		{E482DAF7-5BAA-4C4C-B47E-A44E7BDC46B6}.Debug|Any CPU.ActiveCfg = Debug|Any CPU
		{E482DAF7-5BAA-4C4C-B47E-A44E7BDC46B6}.Debug|Any CPU.Build.0 = Debug|Any CPU
		{E482DAF7-5BAA-4C4C-B47E-A44E7BDC46B6}.Release|Any CPU.ActiveCfg = Release|Any CPU
		{E482DAF7-5BAA-4C4C-B47E-A44E7BDC46B6}.Release|Any CPU.Build.0 = Release|Any CPU
	EndGlobalSection
	GlobalSection(SolutionProperties) = preSolution
		HideSolutionNode = FALSE
	EndGlobalSection
EndGlobal
